
Microsoft Visual Studio Solution File, Format Version 12.00
# Visual Studio 15
VisualStudioVersion = 15.0.26730.16
MinimumVisualStudioVersion = 10.0.40219.1
Project("{FAE04EC0-301F-11D3-BF4B-00C04F79EFBC}") = "Wheresmystuff.Android", "Wheresmystuff\Wheresmystuff.Android\Wheresmystuff.Android.csproj", "{746BCB47-3E6F-4330-A434-319784037C6F}"
EndProject
Project("{FAE04EC0-301F-11D3-BF4B-00C04F79EFBC}") = "Wheresmystuff", "Wheresmystuff\Wheresmystuff\Wheresmystuff.csproj", "{C031DF68-0D20-4DA8-BE17-4E43D7315B52}"
EndProject
Project("{FAE04EC0-301F-11D3-BF4B-00C04F79EFBC}") = "Wheresmystuff.iOS", "Wheresmystuff\Wheresmystuff.iOS\Wheresmystuff.iOS.csproj", "{19298312-847D-453C-BD69-DB52FFE120D8}"
EndProject
Global
	GlobalSection(SolutionConfigurationPlatforms) = preSolution
		Ad-Hoc|Any CPU = Ad-Hoc|Any CPU
		Ad-Hoc|iPhone = Ad-Hoc|iPhone
		Ad-Hoc|iPhoneSimulator = Ad-Hoc|iPhoneSimulator
		AppStore|Any CPU = AppStore|Any CPU
		AppStore|iPhone = AppStore|iPhone
		AppStore|iPhoneSimulator = AppStore|iPhoneSimulator
		Debug|Any CPU = Debug|Any CPU
		Debug|iPhone = Debug|iPhone
		Debug|iPhoneSimulator = Debug|iPhoneSimulator
		Release|Any CPU = Release|Any CPU
		Release|iPhone = Release|iPhone
		Release|iPhoneSimulator = Release|iPhoneSimulator
	EndGlobalSection
	GlobalSection(ProjectConfigurationPlatforms) = postSolution
		{746BCB47-3E6F-4330-A434-319784037C6F}.Ad-Hoc|Any CPU.ActiveCfg = Release|Any CPU
		{746BCB47-3E6F-4330-A434-319784037C6F}.Ad-Hoc|Any CPU.Build.0 = Release|Any CPU
		{746BCB47-3E6F-4330-A434-319784037C6F}.Ad-Hoc|Any CPU.Deploy.0 = Release|Any CPU
		{746BCB47-3E6F-4330-A434-319784037C6F}.Ad-Hoc|iPhone.ActiveCfg = Release|Any CPU
		{746BCB47-3E6F-4330-A434-319784037C6F}.Ad-Hoc|iPhone.Build.0 = Release|Any CPU
		{746BCB47-3E6F-4330-A434-319784037C6F}.Ad-Hoc|iPhone.Deploy.0 = Release|Any CPU
		{746BCB47-3E6F-4330-A434-319784037C6F}.Ad-Hoc|iPhoneSimulator.ActiveCfg = Release|Any CPU
		{746BCB47-3E6F-4330-A434-319784037C6F}.Ad-Hoc|iPhoneSimulator.Build.0 = Release|Any CPU
		{746BCB47-3E6F-4330-A434-319784037C6F}.Ad-Hoc|iPhoneSimulator.Deploy.0 = Release|Any CPU
		{746BCB47-3E6F-4330-A434-319784037C6F}.AppStore|Any CPU.ActiveCfg = Release|Any CPU
		{746BCB47-3E6F-4330-A434-319784037C6F}.AppStore|Any CPU.Build.0 = Release|Any CPU
		{746BCB47-3E6F-4330-A434-319784037C6F}.AppStore|Any CPU.Deploy.0 = Release|Any CPU
		{746BCB47-3E6F-4330-A434-319784037C6F}.AppStore|iPhone.ActiveCfg = Release|Any CPU
		{746BCB47-3E6F-4330-A434-319784037C6F}.AppStore|iPhone.Build.0 = Release|Any CPU
		{746BCB47-3E6F-4330-A434-319784037C6F}.AppStore|iPhone.Deploy.0 = Release|Any CPU
		{746BCB47-3E6F-4330-A434-319784037C6F}.AppStore|iPhoneSimulator.ActiveCfg = Release|Any CPU
		{746BCB47-3E6F-4330-A434-319784037C6F}.AppStore|iPhoneSimulator.Build.0 = Release|Any CPU
		{746BCB47-3E6F-4330-A434-319784037C6F}.AppStore|iPhoneSimulator.Deploy.0 = Release|Any CPU
		{746BCB47-3E6F-4330-A434-319784037C6F}.Debug|Any CPU.ActiveCfg = Debug|Any CPU
		{746BCB47-3E6F-4330-A434-319784037C6F}.Debug|Any CPU.Build.0 = Debug|Any CPU
		{746BCB47-3E6F-4330-A434-319784037C6F}.Debug|Any CPU.Deploy.0 = Debug|Any CPU
		{746BCB47-3E6F-4330-A434-319784037C6F}.Debug|iPhone.ActiveCfg = Debug|Any CPU
		{746BCB47-3E6F-4330-A434-319784037C6F}.Debug|iPhone.Build.0 = Debug|Any CPU
		{746BCB47-3E6F-4330-A434-319784037C6F}.Debug|iPhone.Deploy.0 = Debug|Any CPU
		{746BCB47-3E6F-4330-A434-319784037C6F}.Debug|iPhoneSimulator.ActiveCfg = Debug|Any CPU
		{746BCB47-3E6F-4330-A434-319784037C6F}.Debug|iPhoneSimulator.Build.0 = Debug|Any CPU
		{746BCB47-3E6F-4330-A434-319784037C6F}.Debug|iPhoneSimulator.Deploy.0 = Debug|Any CPU
		{746BCB47-3E6F-4330-A434-319784037C6F}.Release|Any CPU.ActiveCfg = Release|Any CPU
		{746BCB47-3E6F-4330-A434-319784037C6F}.Release|Any CPU.Build.0 = Release|Any CPU
		{746BCB47-3E6F-4330-A434-319784037C6F}.Release|Any CPU.Deploy.0 = Release|Any CPU
		{746BCB47-3E6F-4330-A434-319784037C6F}.Release|iPhone.ActiveCfg = Release|Any CPU
		{746BCB47-3E6F-4330-A434-319784037C6F}.Release|iPhone.Build.0 = Release|Any CPU
		{746BCB47-3E6F-4330-A434-319784037C6F}.Release|iPhone.Deploy.0 = Release|Any CPU
		{746BCB47-3E6F-4330-A434-319784037C6F}.Release|iPhoneSimulator.ActiveCfg = Release|Any CPU
		{746BCB47-3E6F-4330-A434-319784037C6F}.Release|iPhoneSimulator.Build.0 = Release|Any CPU
		{746BCB47-3E6F-4330-A434-319784037C6F}.Release|iPhoneSimulator.Deploy.0 = Release|Any CPU
		{C031DF68-0D20-4DA8-BE17-4E43D7315B52}.Ad-Hoc|Any CPU.ActiveCfg = Release|Any CPU
		{C031DF68-0D20-4DA8-BE17-4E43D7315B52}.Ad-Hoc|Any CPU.Build.0 = Release|Any CPU
		{C031DF68-0D20-4DA8-BE17-4E43D7315B52}.Ad-Hoc|iPhone.ActiveCfg = Release|Any CPU
		{C031DF68-0D20-4DA8-BE17-4E43D7315B52}.Ad-Hoc|iPhone.Build.0 = Release|Any CPU
		{C031DF68-0D20-4DA8-BE17-4E43D7315B52}.Ad-Hoc|iPhoneSimulator.ActiveCfg = Release|Any CPU
		{C031DF68-0D20-4DA8-BE17-4E43D7315B52}.Ad-Hoc|iPhoneSimulator.Build.0 = Release|Any CPU
		{C031DF68-0D20-4DA8-BE17-4E43D7315B52}.AppStore|Any CPU.ActiveCfg = Release|Any CPU
		{C031DF68-0D20-4DA8-BE17-4E43D7315B52}.AppStore|Any CPU.Build.0 = Release|Any CPU
		{C031DF68-0D20-4DA8-BE17-4E43D7315B52}.AppStore|iPhone.ActiveCfg = Release|Any CPU
		{C031DF68-0D20-4DA8-BE17-4E43D7315B52}.AppStore|iPhone.Build.0 = Release|Any CPU
		{C031DF68-0D20-4DA8-BE17-4E43D7315B52}.AppStore|iPhoneSimulator.ActiveCfg = Release|Any CPU
		{C031DF68-0D20-4DA8-BE17-4E43D7315B52}.AppStore|iPhoneSimulator.Build.0 = Release|Any CPU
		{C031DF68-0D20-4DA8-BE17-4E43D7315B52}.Debug|Any CPU.ActiveCfg = Debug|Any CPU
		{C031DF68-0D20-4DA8-BE17-4E43D7315B52}.Debug|Any CPU.Build.0 = Debug|Any CPU
		{C031DF68-0D20-4DA8-BE17-4E43D7315B52}.Debug|iPhone.ActiveCfg = Debug|Any CPU
		{C031DF68-0D20-4DA8-BE17-4E43D7315B52}.Debug|iPhone.Build.0 = Debug|Any CPU
		{C031DF68-0D20-4DA8-BE17-4E43D7315B52}.Debug|iPhoneSimulator.ActiveCfg = Debug|Any CPU
		{C031DF68-0D20-4DA8-BE17-4E43D7315B52}.Debug|iPhoneSimulator.Build.0 = Debug|Any CPU
		{C031DF68-0D20-4DA8-BE17-4E43D7315B52}.Release|Any CPU.ActiveCfg = Release|Any CPU
		{C031DF68-0D20-4DA8-BE17-4E43D7315B52}.Release|Any CPU.Build.0 = Release|Any CPU
		{C031DF68-0D20-4DA8-BE17-4E43D7315B52}.Release|iPhone.ActiveCfg = Release|Any CPU
		{C031DF68-0D20-4DA8-BE17-4E43D7315B52}.Release|iPhone.Build.0 = Release|Any CPU
		{C031DF68-0D20-4DA8-BE17-4E43D7315B52}.Release|iPhoneSimulator.ActiveCfg = Release|Any CPU
		{C031DF68-0D20-4DA8-BE17-4E43D7315B52}.Release|iPhoneSimulator.Build.0 = Release|Any CPU
		{19298312-847D-453C-BD69-DB52FFE120D8}.Ad-Hoc|Any CPU.ActiveCfg = Ad-Hoc|iPhone
		{19298312-847D-453C-BD69-DB52FFE120D8}.Ad-Hoc|iPhone.ActiveCfg = Ad-Hoc|iPhone
		{19298312-847D-453C-BD69-DB52FFE120D8}.Ad-Hoc|iPhone.Build.0 = Ad-Hoc|iPhone
		{19298312-847D-453C-BD69-DB52FFE120D8}.Ad-Hoc|iPhoneSimulator.ActiveCfg = Ad-Hoc|iPhoneSimulator
		{19298312-847D-453C-BD69-DB52FFE120D8}.Ad-Hoc|iPhoneSimulator.Build.0 = Ad-Hoc|iPhoneSimulator
		{19298312-847D-453C-BD69-DB52FFE120D8}.AppStore|Any CPU.ActiveCfg = AppStore|iPhone
		{19298312-847D-453C-BD69-DB52FFE120D8}.AppStore|iPhone.ActiveCfg = AppStore|iPhone
		{19298312-847D-453C-BD69-DB52FFE120D8}.AppStore|iPhone.Build.0 = AppStore|iPhone
		{19298312-847D-453C-BD69-DB52FFE120D8}.AppStore|iPhoneSimulator.ActiveCfg = AppStore|iPhoneSimulator
		{19298312-847D-453C-BD69-DB52FFE120D8}.AppStore|iPhoneSimulator.Build.0 = AppStore|iPhoneSimulator
		{19298312-847D-453C-BD69-DB52FFE120D8}.Debug|Any CPU.ActiveCfg = Debug|iPhone
		{19298312-847D-453C-BD69-DB52FFE120D8}.Debug|iPhone.ActiveCfg = Debug|iPhone
		{19298312-847D-453C-BD69-DB52FFE120D8}.Debug|iPhone.Build.0 = Debug|iPhone
		{19298312-847D-453C-BD69-DB52FFE120D8}.Debug|iPhoneSimulator.ActiveCfg = Debug|iPhoneSimulator
		{19298312-847D-453C-BD69-DB52FFE120D8}.Debug|iPhoneSimulator.Build.0 = Debug|iPhoneSimulator
		{19298312-847D-453C-BD69-DB52FFE120D8}.Release|Any CPU.ActiveCfg = Release|iPhone
		{19298312-847D-453C-BD69-DB52FFE120D8}.Release|iPhone.ActiveCfg = Release|iPhone
		{19298312-847D-453C-BD69-DB52FFE120D8}.Release|iPhone.Build.0 = Release|iPhone
		{19298312-847D-453C-BD69-DB52FFE120D8}.Release|iPhoneSimulator.ActiveCfg = Release|iPhoneSimulator
		{19298312-847D-453C-BD69-DB52FFE120D8}.Release|iPhoneSimulator.Build.0 = Release|iPhoneSimulator
	EndGlobalSection
	GlobalSection(SolutionProperties) = preSolution
		HideSolutionNode = FALSE
	EndGlobalSection
	GlobalSection(ExtensibilityGlobals) = postSolution
		SolutionGuid = {9E7E8421-0371-46BA-9984-7F7A120B0A6C}
	EndGlobalSection
EndGlobal
